<Solution>
  <Project Path="Engine/Engine.csproj">
    <BuildType Project="Release" />
  </Project>
  <Project Path="Engine.Rendering/Engine.Rendering.csproj">
    <BuildType Project="Release" />
  </Project>
  <Project Path="Engine.Resources/Engine.Resources.csproj">
    <BuildType Project="Release" />
  </Project>
  <Project Path="Sandbox/Sandbox.csproj">
    <BuildType Project="Release" />
  </Project>
</Solution>
